github.com/bilsinteta/go-say-hello v1.0.0 h1:57Ha7rqhpHVd/pt7JNN2Pftx9cLTsDIreqnTIjZGTAE=
github.com/bilsinteta/go-say-hello v1.0.0/go.mod h1:ixHtb5VAkTPScI0UoDWpCtaOkjmZpl+ZVIsQUxA3wgo=
github.com/bilsinteta/go-say-hello v1.5.0 h1:IUgINCSbGV6wqH8VjnFLGF4JoIFLElmQVxCgfyD+xNg=
github.com/bilsinteta/go-say-hello v1.5.0/go.mod h1:ixHtb5VAkTPScI0UoDWpCtaOkjmZpl+ZVIsQUxA3wgo=
github.com/bilsinteta/go-say-hello/v2 v2.0.0 h1:qWnEev7UgDPfYJWxd0zUChStxAdwir0/GN9DkZ0YAXs=
github.com/bilsinteta/go-say-hello/v2 v2.0.0/go.mod h1:SIQsRmXlKBrDOuqcol6iwUGV9fmZroRpf2CsGF1HN+g=
